
Microsoft Visual Studio Solution File, Format Version 12.00
# Visual Studio 15
VisualStudioVersion = 15.0.27703.2026
MinimumVisualStudioVersion = 10.0.40219.1
Project("{FAE04EC0-301F-11D3-BF4B-00C04F79EFBC}") = "ClassLibrary2", "ClassLibrary2\ClassLibrary2.csproj", "{6CE0E5DE-5AA3-41E2-A844-63BDE10918EB}"
EndProject
Global
	GlobalSection(SolutionConfigurationPlatforms) = preSolution
		Debug|Any CPU = Debug|Any CPU
		Release|Any CPU = Release|Any CPU
	EndGlobalSection
	GlobalSection(ProjectConfigurationPlatforms) = postSolution
		{6CE0E5DE-5AA3-41E2-A844-63BDE10918EB}.Debug|Any CPU.ActiveCfg = Debug|Any CPU
		{6CE0E5DE-5AA3-41E2-A844-63BDE10918EB}.Debug|Any CPU.Build.0 = Debug|Any CPU
		{6CE0E5DE-5AA3-41E2-A844-63BDE10918EB}.Release|Any CPU.ActiveCfg = Release|Any CPU
		{6CE0E5DE-5AA3-41E2-A844-63BDE10918EB}.Release|Any CPU.Build.0 = Release|Any CPU
	EndGlobalSection
	GlobalSection(SolutionProperties) = preSolution
		HideSolutionNode = FALSE
	EndGlobalSection
	GlobalSection(ExtensibilityGlobals) = postSolution
		SolutionGuid = {43B37BEF-A242-4EF2-B323-E8453CF29499}
	EndGlobalSection
EndGlobal
