
Microsoft Visual Studio Solution File, Format Version 12.00
# Visual Studio 15
VisualStudioVersion = 15.0.27703.2042
MinimumVisualStudioVersion = 10.0.40219.1
Project("{9A19103F-16F7-4668-BE54-9A1E7A4F7556}") = "CountLine", "CountLine\CountLine.csproj", "{8D6E1DE2-4EB9-4785-8DD5-E9A4D5CB4497}"
EndProject
Global
	GlobalSection(Performance) = preSolution
		HasPerformanceSessions = true
	EndGlobalSection
	GlobalSection(SolutionConfigurationPlatforms) = preSolution
		Debug|Any CPU = Debug|Any CPU
		Release|Any CPU = Release|Any CPU
	EndGlobalSection
	GlobalSection(ProjectConfigurationPlatforms) = postSolution
		{8D6E1DE2-4EB9-4785-8DD5-E9A4D5CB4497}.Debug|Any CPU.ActiveCfg = Debug|Any CPU
		{8D6E1DE2-4EB9-4785-8DD5-E9A4D5CB4497}.Debug|Any CPU.Build.0 = Debug|Any CPU
		{8D6E1DE2-4EB9-4785-8DD5-E9A4D5CB4497}.Release|Any CPU.ActiveCfg = Release|Any CPU
		{8D6E1DE2-4EB9-4785-8DD5-E9A4D5CB4497}.Release|Any CPU.Build.0 = Release|Any CPU
	EndGlobalSection
	GlobalSection(SolutionProperties) = preSolution
		HideSolutionNode = FALSE
	EndGlobalSection
	GlobalSection(ExtensibilityGlobals) = postSolution
		SolutionGuid = {7D3AFE84-81F6-4506-B7C8-8615124D1606}
	EndGlobalSection
EndGlobal
