
Microsoft Visual Studio Solution File, Format Version 12.00
# Visual Studio 15
VisualStudioVersion = 15.0.28307.539
MinimumVisualStudioVersion = 10.0.40219.1
Project("{FAE04EC0-301F-11D3-BF4B-00C04F79EFBC}") = "ClassLibrary1", "ClassLibrary1\ClassLibrary1.csproj", "{AD928B75-D220-4AF9-9AB9-D2784E976C4E}"
EndProject
Global
	GlobalSection(SolutionConfigurationPlatforms) = preSolution
		Debug|Any CPU = Debug|Any CPU
		Release|Any CPU = Release|Any CPU
	EndGlobalSection
	GlobalSection(ProjectConfigurationPlatforms) = postSolution
		{AD928B75-D220-4AF9-9AB9-D2784E976C4E}.Debug|Any CPU.ActiveCfg = Debug|Any CPU
		{AD928B75-D220-4AF9-9AB9-D2784E976C4E}.Debug|Any CPU.Build.0 = Debug|Any CPU
		{AD928B75-D220-4AF9-9AB9-D2784E976C4E}.Release|Any CPU.ActiveCfg = Release|Any CPU
		{AD928B75-D220-4AF9-9AB9-D2784E976C4E}.Release|Any CPU.Build.0 = Release|Any CPU
	EndGlobalSection
	GlobalSection(SolutionProperties) = preSolution
		HideSolutionNode = FALSE
	EndGlobalSection
	GlobalSection(ExtensibilityGlobals) = postSolution
		SolutionGuid = {E6C39585-4353-4BBC-9C8F-0A404278169A}
	EndGlobalSection
EndGlobal
