
Microsoft Visual Studio Solution File, Format Version 12.00
# Visual Studio 15
VisualStudioVersion = 15.0.27703.2042
MinimumVisualStudioVersion = 10.0.40219.1
Project("{FAE04EC0-301F-11D3-BF4B-00C04F79EFBC}") = "CountAscii", "CountAscii\CountAscii.csproj", "{F84F87BC-B432-4617-B7BF-0B98E806A497}"
EndProject
Global
	GlobalSection(SolutionConfigurationPlatforms) = preSolution
		Debug|Any CPU = Debug|Any CPU
		Release|Any CPU = Release|Any CPU
	EndGlobalSection
	GlobalSection(ProjectConfigurationPlatforms) = postSolution
		{F84F87BC-B432-4617-B7BF-0B98E806A497}.Debug|Any CPU.ActiveCfg = Debug|Any CPU
		{F84F87BC-B432-4617-B7BF-0B98E806A497}.Debug|Any CPU.Build.0 = Debug|Any CPU
		{F84F87BC-B432-4617-B7BF-0B98E806A497}.Release|Any CPU.ActiveCfg = Release|Any CPU
		{F84F87BC-B432-4617-B7BF-0B98E806A497}.Release|Any CPU.Build.0 = Release|Any CPU
	EndGlobalSection
	GlobalSection(SolutionProperties) = preSolution
		HideSolutionNode = FALSE
	EndGlobalSection
	GlobalSection(ExtensibilityGlobals) = postSolution
		SolutionGuid = {482A7272-07B6-4599-9065-DC9A59412168}
	EndGlobalSection
EndGlobal
