
Microsoft Visual Studio Solution File, Format Version 11.00
# Visual Studio 2010
Project("{FAE04EC0-301F-11D3-BF4B-00C04F79EFBC}") = "WORDCOUNT", "WORDCOUNT\WORDCOUNT.csproj", "{8AFC7BDA-6272-4F6C-95BB-2AD457537AED}"
EndProject
Project("{FAE04EC0-301F-11D3-BF4B-00C04F79EFBC}") = "TestWORDCOUNT", "TestWORDCOUNT\TestWORDCOUNT.csproj", "{7F050FDC-CC02-4344-8C82-DE3D1DD07A12}"
EndProject
Project("{2150E333-8FDC-42A3-9474-1A3956D46DE8}") = "Solution Items", "Solution Items", "{79E3AFB9-B4AB-4A3B-8182-82DC14EC4AEF}"
	ProjectSection(SolutionItems) = preProject
		Local.testsettings = Local.testsettings
		TraceAndTestImpact.testsettings = TraceAndTestImpact.testsettings
		WORDCOUNT.vsmdi = WORDCOUNT.vsmdi
	EndProjectSection
EndProject
Global
	GlobalSection(TestCaseManagementSettings) = postSolution
		CategoryFile = WORDCOUNT.vsmdi
	EndGlobalSection
	GlobalSection(SolutionConfigurationPlatforms) = preSolution
		Debug|Any CPU = Debug|Any CPU
		Debug|Mixed Platforms = Debug|Mixed Platforms
		Debug|x86 = Debug|x86
		Release|Any CPU = Release|Any CPU
		Release|Mixed Platforms = Release|Mixed Platforms
		Release|x86 = Release|x86
	EndGlobalSection
	GlobalSection(ProjectConfigurationPlatforms) = postSolution
		{8AFC7BDA-6272-4F6C-95BB-2AD457537AED}.Debug|Any CPU.ActiveCfg = Debug|x86
		{8AFC7BDA-6272-4F6C-95BB-2AD457537AED}.Debug|Mixed Platforms.ActiveCfg = Debug|x86
		{8AFC7BDA-6272-4F6C-95BB-2AD457537AED}.Debug|Mixed Platforms.Build.0 = Debug|x86
		{8AFC7BDA-6272-4F6C-95BB-2AD457537AED}.Debug|x86.ActiveCfg = Debug|x86
		{8AFC7BDA-6272-4F6C-95BB-2AD457537AED}.Debug|x86.Build.0 = Debug|x86
		{8AFC7BDA-6272-4F6C-95BB-2AD457537AED}.Release|Any CPU.ActiveCfg = Release|x86
		{8AFC7BDA-6272-4F6C-95BB-2AD457537AED}.Release|Mixed Platforms.ActiveCfg = Release|x86
		{8AFC7BDA-6272-4F6C-95BB-2AD457537AED}.Release|Mixed Platforms.Build.0 = Release|x86
		{8AFC7BDA-6272-4F6C-95BB-2AD457537AED}.Release|x86.ActiveCfg = Release|x86
		{8AFC7BDA-6272-4F6C-95BB-2AD457537AED}.Release|x86.Build.0 = Release|x86
		{7F050FDC-CC02-4344-8C82-DE3D1DD07A12}.Debug|Any CPU.ActiveCfg = Debug|Any CPU
		{7F050FDC-CC02-4344-8C82-DE3D1DD07A12}.Debug|Any CPU.Build.0 = Debug|Any CPU
		{7F050FDC-CC02-4344-8C82-DE3D1DD07A12}.Debug|Mixed Platforms.ActiveCfg = Debug|Any CPU
		{7F050FDC-CC02-4344-8C82-DE3D1DD07A12}.Debug|Mixed Platforms.Build.0 = Debug|Any CPU
		{7F050FDC-CC02-4344-8C82-DE3D1DD07A12}.Debug|x86.ActiveCfg = Debug|Any CPU
		{7F050FDC-CC02-4344-8C82-DE3D1DD07A12}.Release|Any CPU.ActiveCfg = Release|Any CPU
		{7F050FDC-CC02-4344-8C82-DE3D1DD07A12}.Release|Any CPU.Build.0 = Release|Any CPU
		{7F050FDC-CC02-4344-8C82-DE3D1DD07A12}.Release|Mixed Platforms.ActiveCfg = Release|Any CPU
		{7F050FDC-CC02-4344-8C82-DE3D1DD07A12}.Release|Mixed Platforms.Build.0 = Release|Any CPU
		{7F050FDC-CC02-4344-8C82-DE3D1DD07A12}.Release|x86.ActiveCfg = Release|Any CPU
	EndGlobalSection
	GlobalSection(SolutionProperties) = preSolution
		HideSolutionNode = FALSE
	EndGlobalSection
EndGlobal
