
Microsoft Visual Studio Solution File, Format Version 12.00
# Visual Studio 15
VisualStudioVersion = 15.0.28010.2046
MinimumVisualStudioVersion = 10.0.40219.1
Project("{FAE04EC0-301F-11D3-BF4B-00C04F79EFBC}") = "WordCount", "WordCount\WordCount.csproj", "{87BB71C0-6EA7-405F-A5C3-275E3C8882AA}"
EndProject
Project("{FAE04EC0-301F-11D3-BF4B-00C04F79EFBC}") = "WordCountTests1", "WordCountTests1\WordCountTests1.csproj", "{9538A549-3A5E-40F8-8F94-5A46ECDC296D}"
EndProject
Global
	GlobalSection(SolutionConfigurationPlatforms) = preSolution
		Debug|Any CPU = Debug|Any CPU
		Release|Any CPU = Release|Any CPU
	EndGlobalSection
	GlobalSection(ProjectConfigurationPlatforms) = postSolution
		{87BB71C0-6EA7-405F-A5C3-275E3C8882AA}.Debug|Any CPU.ActiveCfg = Debug|Any CPU
		{87BB71C0-6EA7-405F-A5C3-275E3C8882AA}.Debug|Any CPU.Build.0 = Debug|Any CPU
		{87BB71C0-6EA7-405F-A5C3-275E3C8882AA}.Release|Any CPU.ActiveCfg = Release|Any CPU
		{87BB71C0-6EA7-405F-A5C3-275E3C8882AA}.Release|Any CPU.Build.0 = Release|Any CPU
		{9538A549-3A5E-40F8-8F94-5A46ECDC296D}.Debug|Any CPU.ActiveCfg = Debug|Any CPU
		{9538A549-3A5E-40F8-8F94-5A46ECDC296D}.Debug|Any CPU.Build.0 = Debug|Any CPU
		{9538A549-3A5E-40F8-8F94-5A46ECDC296D}.Release|Any CPU.ActiveCfg = Release|Any CPU
		{9538A549-3A5E-40F8-8F94-5A46ECDC296D}.Release|Any CPU.Build.0 = Release|Any CPU
	EndGlobalSection
	GlobalSection(SolutionProperties) = preSolution
		HideSolutionNode = FALSE
	EndGlobalSection
	GlobalSection(ExtensibilityGlobals) = postSolution
		SolutionGuid = {274AE0DD-B98E-4AE5-AFA4-797243274630}
	EndGlobalSection
EndGlobal
