
Microsoft Visual Studio Solution File, Format Version 12.00
# Visual Studio 15
VisualStudioVersion = 15.0.28307.539
MinimumVisualStudioVersion = 10.0.40219.1
Project("{FAE04EC0-301F-11D3-BF4B-00C04F79EFBC}") = "wordcount", "wordcount\wordcount.csproj", "{0CA41EA9-908C-4F9F-AA2F-89AB1D49E431}"
EndProject
Global
	GlobalSection(SolutionConfigurationPlatforms) = preSolution
		Debug|Any CPU = Debug|Any CPU
		Release|Any CPU = Release|Any CPU
	EndGlobalSection
	GlobalSection(ProjectConfigurationPlatforms) = postSolution
		{0CA41EA9-908C-4F9F-AA2F-89AB1D49E431}.Debug|Any CPU.ActiveCfg = Debug|Any CPU
		{0CA41EA9-908C-4F9F-AA2F-89AB1D49E431}.Debug|Any CPU.Build.0 = Debug|Any CPU
		{0CA41EA9-908C-4F9F-AA2F-89AB1D49E431}.Release|Any CPU.ActiveCfg = Release|Any CPU
		{0CA41EA9-908C-4F9F-AA2F-89AB1D49E431}.Release|Any CPU.Build.0 = Release|Any CPU
	EndGlobalSection
	GlobalSection(SolutionProperties) = preSolution
		HideSolutionNode = FALSE
	EndGlobalSection
	GlobalSection(ExtensibilityGlobals) = postSolution
		SolutionGuid = {77F2F79B-A585-432E-86E7-CF0B07E25A30}
	EndGlobalSection
EndGlobal
