
Microsoft Visual Studio Solution File, Format Version 12.00
# Visual Studio 14
VisualStudioVersion = 14.0.25420.1
MinimumVisualStudioVersion = 10.0.40219.1
Project("{FAE04EC0-301F-11D3-BF4B-00C04F79EFBC}") = "_Sort", "_Sort\_Sort.csproj", "{EADF2D20-1E9C-41A7-9A25-C930B6283959}"
EndProject
Project("{FAE04EC0-301F-11D3-BF4B-00C04F79EFBC}") = "_SortTests", "_SortTests\_SortTests.csproj", "{68813E3F-C3F2-41DF-8B24-D90C06CD20E4}"
EndProject
Global
	GlobalSection(SolutionConfigurationPlatforms) = preSolution
		Debug|Any CPU = Debug|Any CPU
		Release|Any CPU = Release|Any CPU
	EndGlobalSection
	GlobalSection(ProjectConfigurationPlatforms) = postSolution
		{EADF2D20-1E9C-41A7-9A25-C930B6283959}.Debug|Any CPU.ActiveCfg = Debug|Any CPU
		{EADF2D20-1E9C-41A7-9A25-C930B6283959}.Debug|Any CPU.Build.0 = Debug|Any CPU
		{EADF2D20-1E9C-41A7-9A25-C930B6283959}.Release|Any CPU.ActiveCfg = Release|Any CPU
		{EADF2D20-1E9C-41A7-9A25-C930B6283959}.Release|Any CPU.Build.0 = Release|Any CPU
		{68813E3F-C3F2-41DF-8B24-D90C06CD20E4}.Debug|Any CPU.ActiveCfg = Debug|Any CPU
		{68813E3F-C3F2-41DF-8B24-D90C06CD20E4}.Debug|Any CPU.Build.0 = Debug|Any CPU
		{68813E3F-C3F2-41DF-8B24-D90C06CD20E4}.Release|Any CPU.ActiveCfg = Release|Any CPU
		{68813E3F-C3F2-41DF-8B24-D90C06CD20E4}.Release|Any CPU.Build.0 = Release|Any CPU
	EndGlobalSection
	GlobalSection(SolutionProperties) = preSolution
		HideSolutionNode = FALSE
	EndGlobalSection
EndGlobal
