
Microsoft Visual Studio Solution File, Format Version 12.00
# Visual Studio 15
VisualStudioVersion = 15.0.28307.489
MinimumVisualStudioVersion = 10.0.40219.1
Project("{FAE04EC0-301F-11D3-BF4B-00C04F79EFBC}") = "Output", "Output\Output.csproj", "{62F6A819-56A1-42BC-B2DB-FF592358E0A4}"
EndProject
Global
	GlobalSection(SolutionConfigurationPlatforms) = preSolution
		Debug|Any CPU = Debug|Any CPU
		Release|Any CPU = Release|Any CPU
	EndGlobalSection
	GlobalSection(ProjectConfigurationPlatforms) = postSolution
		{62F6A819-56A1-42BC-B2DB-FF592358E0A4}.Debug|Any CPU.ActiveCfg = Debug|Any CPU
		{62F6A819-56A1-42BC-B2DB-FF592358E0A4}.Debug|Any CPU.Build.0 = Debug|Any CPU
		{62F6A819-56A1-42BC-B2DB-FF592358E0A4}.Release|Any CPU.ActiveCfg = Release|Any CPU
		{62F6A819-56A1-42BC-B2DB-FF592358E0A4}.Release|Any CPU.Build.0 = Release|Any CPU
	EndGlobalSection
	GlobalSection(SolutionProperties) = preSolution
		HideSolutionNode = FALSE
	EndGlobalSection
	GlobalSection(ExtensibilityGlobals) = postSolution
		SolutionGuid = {61D8DF90-65D8-41B2-ADBD-6621DF7BA430}
	EndGlobalSection
EndGlobal
