
Microsoft Visual Studio Solution File, Format Version 12.00
# Visual Studio 15
VisualStudioVersion = 15.0.28307.489
MinimumVisualStudioVersion = 10.0.40219.1
Project("{FAE04EC0-301F-11D3-BF4B-00C04F79EFBC}") = "CountWordsNamespace", "CountWordsNamespace\CountWordsNamespace.csproj", "{76E7B25A-A0C0-4BE4-BDFC-1DA859CEE356}"
EndProject
Project("{FAE04EC0-301F-11D3-BF4B-00C04F79EFBC}") = "WordCountUnitTest", "WordCountUnitTest\WordCountUnitTest.csproj", "{C4A627A9-95F8-4B6D-93DD-2A6D8D82FB78}"
EndProject
Global
	GlobalSection(SolutionConfigurationPlatforms) = preSolution
		Debug|Any CPU = Debug|Any CPU
		Release|Any CPU = Release|Any CPU
	EndGlobalSection
	GlobalSection(ProjectConfigurationPlatforms) = postSolution
		{76E7B25A-A0C0-4BE4-BDFC-1DA859CEE356}.Debug|Any CPU.ActiveCfg = Debug|Any CPU
		{76E7B25A-A0C0-4BE4-BDFC-1DA859CEE356}.Debug|Any CPU.Build.0 = Debug|Any CPU
		{76E7B25A-A0C0-4BE4-BDFC-1DA859CEE356}.Release|Any CPU.ActiveCfg = Release|Any CPU
		{76E7B25A-A0C0-4BE4-BDFC-1DA859CEE356}.Release|Any CPU.Build.0 = Release|Any CPU
		{C4A627A9-95F8-4B6D-93DD-2A6D8D82FB78}.Debug|Any CPU.ActiveCfg = Debug|Any CPU
		{C4A627A9-95F8-4B6D-93DD-2A6D8D82FB78}.Debug|Any CPU.Build.0 = Debug|Any CPU
		{C4A627A9-95F8-4B6D-93DD-2A6D8D82FB78}.Release|Any CPU.ActiveCfg = Release|Any CPU
		{C4A627A9-95F8-4B6D-93DD-2A6D8D82FB78}.Release|Any CPU.Build.0 = Release|Any CPU
	EndGlobalSection
	GlobalSection(SolutionProperties) = preSolution
		HideSolutionNode = FALSE
	EndGlobalSection
	GlobalSection(ExtensibilityGlobals) = postSolution
		SolutionGuid = {90E49D6C-F733-4AE7-BC24-462C85F48506}
	EndGlobalSection
EndGlobal
