
Microsoft Visual Studio Solution File, Format Version 12.00
# Visual Studio 15
VisualStudioVersion = 15.0.28307.539
MinimumVisualStudioVersion = 10.0.40219.1
Project("{FAE04EC0-301F-11D3-BF4B-00C04F79EFBC}") = "ClassLibrary4", "ClassLibrary4\ClassLibrary4.csproj", "{D7D6F264-6E9E-4CE5-A899-B2D960546FDA}"
EndProject
Global
	GlobalSection(SolutionConfigurationPlatforms) = preSolution
		Debug|Any CPU = Debug|Any CPU
		Release|Any CPU = Release|Any CPU
	EndGlobalSection
	GlobalSection(ProjectConfigurationPlatforms) = postSolution
		{D7D6F264-6E9E-4CE5-A899-B2D960546FDA}.Debug|Any CPU.ActiveCfg = Debug|Any CPU
		{D7D6F264-6E9E-4CE5-A899-B2D960546FDA}.Debug|Any CPU.Build.0 = Debug|Any CPU
		{D7D6F264-6E9E-4CE5-A899-B2D960546FDA}.Release|Any CPU.ActiveCfg = Release|Any CPU
		{D7D6F264-6E9E-4CE5-A899-B2D960546FDA}.Release|Any CPU.Build.0 = Release|Any CPU
	EndGlobalSection
	GlobalSection(SolutionProperties) = preSolution
		HideSolutionNode = FALSE
	EndGlobalSection
	GlobalSection(ExtensibilityGlobals) = postSolution
		SolutionGuid = {9D1184CA-9DBB-4A49-86BF-883EC0587248}
	EndGlobalSection
EndGlobal
