
Microsoft Visual Studio Solution File, Format Version 12.00
# Visual Studio 15
VisualStudioVersion = 15.0.28307.489
MinimumVisualStudioVersion = 10.0.40219.1
Project("{FAE04EC0-301F-11D3-BF4B-00C04F79EFBC}") = "wordCount", "wordCount\wordCount.csproj", "{24074855-ACB4-4BA8-A19E-52770E7A858C}"
EndProject
Project("{FAE04EC0-301F-11D3-BF4B-00C04F79EFBC}") = "CharNumerTest", "CharNumerTest\CharNumerTest.csproj", "{F2C72F44-F14D-4D83-B1DC-E30849A9A9A3}"
EndProject
Project("{FAE04EC0-301F-11D3-BF4B-00C04F79EFBC}") = "WordCountUnitTest", "WordCountUnitTest\WordCountUnitTest.csproj", "{820DAD8C-6DFF-4703-982F-FF6255C95D6F}"
EndProject
Project("{FAE04EC0-301F-11D3-BF4B-00C04F79EFBC}") = "LineNumberUnitTest", "LineNumberUnitTest\LineNumberUnitTest.csproj", "{C108AE52-F994-4F6E-BE58-7C8C605E52D9}"
EndProject
Global
	GlobalSection(SolutionConfigurationPlatforms) = preSolution
		Debug|Any CPU = Debug|Any CPU
		Release|Any CPU = Release|Any CPU
	EndGlobalSection
	GlobalSection(ProjectConfigurationPlatforms) = postSolution
		{24074855-ACB4-4BA8-A19E-52770E7A858C}.Debug|Any CPU.ActiveCfg = Debug|Any CPU
		{24074855-ACB4-4BA8-A19E-52770E7A858C}.Debug|Any CPU.Build.0 = Debug|Any CPU
		{24074855-ACB4-4BA8-A19E-52770E7A858C}.Release|Any CPU.ActiveCfg = Release|Any CPU
		{24074855-ACB4-4BA8-A19E-52770E7A858C}.Release|Any CPU.Build.0 = Release|Any CPU
		{F2C72F44-F14D-4D83-B1DC-E30849A9A9A3}.Debug|Any CPU.ActiveCfg = Debug|Any CPU
		{F2C72F44-F14D-4D83-B1DC-E30849A9A9A3}.Debug|Any CPU.Build.0 = Debug|Any CPU
		{F2C72F44-F14D-4D83-B1DC-E30849A9A9A3}.Release|Any CPU.ActiveCfg = Release|Any CPU
		{F2C72F44-F14D-4D83-B1DC-E30849A9A9A3}.Release|Any CPU.Build.0 = Release|Any CPU
		{820DAD8C-6DFF-4703-982F-FF6255C95D6F}.Debug|Any CPU.ActiveCfg = Debug|Any CPU
		{820DAD8C-6DFF-4703-982F-FF6255C95D6F}.Debug|Any CPU.Build.0 = Debug|Any CPU
		{820DAD8C-6DFF-4703-982F-FF6255C95D6F}.Release|Any CPU.ActiveCfg = Release|Any CPU
		{820DAD8C-6DFF-4703-982F-FF6255C95D6F}.Release|Any CPU.Build.0 = Release|Any CPU
		{C108AE52-F994-4F6E-BE58-7C8C605E52D9}.Debug|Any CPU.ActiveCfg = Debug|Any CPU
		{C108AE52-F994-4F6E-BE58-7C8C605E52D9}.Debug|Any CPU.Build.0 = Debug|Any CPU
		{C108AE52-F994-4F6E-BE58-7C8C605E52D9}.Release|Any CPU.ActiveCfg = Release|Any CPU
		{C108AE52-F994-4F6E-BE58-7C8C605E52D9}.Release|Any CPU.Build.0 = Release|Any CPU
	EndGlobalSection
	GlobalSection(SolutionProperties) = preSolution
		HideSolutionNode = FALSE
	EndGlobalSection
	GlobalSection(ExtensibilityGlobals) = postSolution
		SolutionGuid = {D3E1D712-2A13-4F93-A6C3-1D3ED20A8BDB}
	EndGlobalSection
EndGlobal
